{
  "originHash" : "1c01675f80c5a93c1a7800647988ac361f81f911db0ba5f5fa77b801cb7cda19",
  "pins" : [
    {
      "identity" : "swift-asn1",
      "kind" : "remoteSourceControl",
      "location" : "https://github.com/apple/swift-asn1.git",
      "state" : {
        "revision" : "9f542610331815e29cc3821d3b6f488db8715517",
        "version" : "1.6.0"
      }
    },
    {
      "identity" : "swift-crypto",
      "kind" : "remoteSourceControl",
      "location" : "https://github.com/apple/swift-crypto.git",
      "state" : {
        "revision" : "fa308c07a6fa04a727212d793e761460e41049c3",
        "version" : "4.3.0"
      }
    },
    {
      "identity" : "swift-log",
      "kind" : "remoteSourceControl",
      "location" : "https://github.com/apple/swift-log.git",
      "state" : {
        "revision" : "bbd81b6725ae874c69e9b8c8804d462356b55523",
        "version" : "1.10.1"
      }
    }
  ],
  "version" : 3
}
